
Microsoft Visual Studio Solution File, Format Version 12.00
# Visual Studio Version 16
VisualStudioVersion = 16.0.33328.57
MinimumVisualStudioVersion = 10.0.40219.1
Project("{FAE04EC0-301F-11D3-BF4B-00C04F79EFBC}") = "WebAppTutorial", "WebAppTutorial\WebAppTutorial.csproj", "{BFF9C488-2F8A-431C-B347-9705D9F8E603}"
EndProject
Global
	GlobalSection(SolutionConfigurationPlatforms) = preSolution
		Debug|Any CPU = Debug|Any CPU
		Release|Any CPU = Release|Any CPU
	EndGlobalSection
	GlobalSection(ProjectConfigurationPlatforms) = postSolution
		{BFF9C488-2F8A-431C-B347-9705D9F8E603}.Debug|Any CPU.ActiveCfg = Debug|Any CPU
		{BFF9C488-2F8A-431C-B347-9705D9F8E603}.Debug|Any CPU.Build.0 = Debug|Any CPU
		{BFF9C488-2F8A-431C-B347-9705D9F8E603}.Release|Any CPU.ActiveCfg = Release|Any CPU
		{BFF9C488-2F8A-431C-B347-9705D9F8E603}.Release|Any CPU.Build.0 = Release|Any CPU
	EndGlobalSection
	GlobalSection(SolutionProperties) = preSolution
		HideSolutionNode = FALSE
	EndGlobalSection
	GlobalSection(ExtensibilityGlobals) = postSolution
		SolutionGuid = {2FE25900-4D44-4A65-ABDE-288886A3C31C}
	EndGlobalSection
EndGlobal
